
Microsoft Visual Studio Solution File, Format Version 12.00
# Visual Studio Version 17
VisualStudioVersion = 17.5.33414.496
MinimumVisualStudioVersion = 10.0.40219.1
Project("{FAE04EC0-301F-11D3-BF4B-00C04F79EFBC}") = "TripPlanner.API", "TripPlanner.API\TripPlanner.API.csproj", "{6521CE84-8048-432D-827E-FE64175867D9}"
EndProject
Global
	GlobalSection(SolutionConfigurationPlatforms) = preSolution
		Debug|Any CPU = Debug|Any CPU
		Release|Any CPU = Release|Any CPU
	EndGlobalSection
	GlobalSection(ProjectConfigurationPlatforms) = postSolution
		{6521CE84-8048-432D-827E-FE64175867D9}.Debug|Any CPU.ActiveCfg = Debug|Any CPU
		{6521CE84-8048-432D-827E-FE64175867D9}.Debug|Any CPU.Build.0 = Debug|Any CPU
		{6521CE84-8048-432D-827E-FE64175867D9}.Release|Any CPU.ActiveCfg = Release|Any CPU
		{6521CE84-8048-432D-827E-FE64175867D9}.Release|Any CPU.Build.0 = Release|Any CPU
	EndGlobalSection
	GlobalSection(SolutionProperties) = preSolution
		HideSolutionNode = FALSE
	EndGlobalSection
	GlobalSection(ExtensibilityGlobals) = postSolution
		SolutionGuid = {201A34E2-EF17-4FEE-9A70-94B86D439DF3}
	EndGlobalSection
EndGlobal
